Microsoft Visual Studio Solution File, Format Version 11.00
# Visual Studio 2008

Project("{7835B75B-7535-F2B7-5060-6B87CEF4C270}") = "MachineBuilder", "Assembly-CSharp-vs.csproj", "{4C131830-FAD9-638C-C661-CEDB0B7ACC8B}"
EndProject
Project("{7835B75B-7535-F2B7-5060-6B87CEF4C270}") = "MachineBuilder", "Assembly-CSharp-Editor-vs.csproj", "{B8F064B1-FB0D-8F96-0F6A-02EF4203AE11}"
EndProject
Global
	GlobalSection(SolutionConfigurationPlatforms) = preSolution
		Debug|Any CPU = Debug|Any CPU
		Release|Any CPU = Release|Any CPU
	EndGlobalSection
	GlobalSection(ProjectConfigurationPlatforms) = postSolution
		{4C131830-FAD9-638C-C661-CEDB0B7ACC8B}.Debug|Any CPU.ActiveCfg = Debug|Any CPU
		{4C131830-FAD9-638C-C661-CEDB0B7ACC8B}.Debug|Any CPU.Build.0 = Debug|Any CPU
		{4C131830-FAD9-638C-C661-CEDB0B7ACC8B}.Release|Any CPU.ActiveCfg = Release|Any CPU
		{4C131830-FAD9-638C-C661-CEDB0B7ACC8B}.Release|Any CPU.Build.0 = Release|Any CPU
		{B8F064B1-FB0D-8F96-0F6A-02EF4203AE11}.Debug|Any CPU.ActiveCfg = Debug|Any CPU
		{B8F064B1-FB0D-8F96-0F6A-02EF4203AE11}.Debug|Any CPU.Build.0 = Debug|Any CPU
		{B8F064B1-FB0D-8F96-0F6A-02EF4203AE11}.Release|Any CPU.ActiveCfg = Release|Any CPU
		{B8F064B1-FB0D-8F96-0F6A-02EF4203AE11}.Release|Any CPU.Build.0 = Release|Any CPU
	EndGlobalSection
	GlobalSection(SolutionProperties) = preSolution
		HideSolutionNode = FALSE
	EndGlobalSection
																																																																																																																																																																																			GlobalSection(MonoDevelopProperties) = preSolution
		StartupItem = Assembly-CSharp.csproj
		Policies = $0
		$0.TextStylePolicy = $1
		$1.inheritsSet = null
		$1.scope = text/x-csharp
		$0.CSharpFormattingPolicy = $2
		$2.inheritsSet = Mono
		$2.inheritsScope = text/x-csharp
		$2.scope = text/x-csharp
		$0.TextStylePolicy = $3
		$3.FileWidth = 120
		$3.TabWidth = 4
		$3.EolMarker = Unix
		$3.inheritsSet = Mono
		$3.inheritsScope = text/plain
		$3.scope = text/plain
	EndGlobalSection

EndGlobal
